{"filter":false,"title":"Gemfile.lock","tooltip":"/Gemfile.lock","undoManager":{"mark":-1,"position":-1,"stack":[]},"ace":{"folds":[],"scrolltop":5171.5,"scrollleft":0,"selection":{"start":{"row":0,"column":0},"end":{"row":304,"column":0},"isBackwards":false},"options":{"guessTabSize":true,"useWrapMode":false,"wrapToView":true},"firstLineState":{"row":286,"state":"start","mode":"ace/mode/text"}},"timestamp":1539375276092,"hash":"cab780cea1182d70ee18b5ca20d8cbcac34d88e2"}